
Microsoft Visual Studio Solution File, Format Version 12.00
# Visual Studio Version 17
VisualStudioVersion = 17.1.32421.90
MinimumVisualStudioVersion = 10.0.40219.1
Project("{2150E333-8FDC-42A3-9474-1A3956D46DE8}") = "src", "src", "{BBA4CD40-14F7-4D41-B871-158DD9AD0126}"
EndProject
Project("{2150E333-8FDC-42A3-9474-1A3956D46DE8}") = "Core", "Core", "{6F02434B-76F5-4B12-8DF9-C8F01FC4132E}"
EndProject
Project("{FAE04EC0-301F-11D3-BF4B-00C04F79EFBC}") = "StudyBuddy.Application", "src\core\StudyBuddy.Application\StudyBuddy.Application.csproj", "{D0C149DB-2246-4E52-A4C9-A5AF91278CEE}"
EndProject
Project("{FAE04EC0-301F-11D3-BF4B-00C04F79EFBC}") = "StudyBuddy.Domain", "src\Core\StudyBuddy.Domain\StudyBuddy.Domain.csproj", "{49D0580B-A9D4-42D1-BF50-5B845EACFA62}"
EndProject
Project("{2150E333-8FDC-42A3-9474-1A3956D46DE8}") = "Infrastructure", "Infrastructure", "{8058F5B1-B0CB-4F04-8FAD-F1BE8B7589BF}"
EndProject
Project("{FAE04EC0-301F-11D3-BF4B-00C04F79EFBC}") = "StudyBuddy.Persistence", "src\Infrastructure\StudyBuddy.Persistence\StudyBuddy.Persistence.csproj", "{7C9D33DF-C319-4702-8EF4-CD9E0EDA4F15}"
EndProject
Project("{2150E333-8FDC-42A3-9474-1A3956D46DE8}") = "Apis", "Apis", "{A6D1FC9B-28AE-4E68-9768-827FBDF2BB8E}"
EndProject
Project("{FAE04EC0-301F-11D3-BF4B-00C04F79EFBC}") = "StudyBuddy.API", "src\StudyBuddy.API\StudyBuddy.API.csproj", "{B384553D-B083-48FA-9D69-C621C2269AFD}"
EndProject
Global
	GlobalSection(SolutionConfigurationPlatforms) = preSolution
		Debug|Any CPU = Debug|Any CPU
		Release|Any CPU = Release|Any CPU
	EndGlobalSection
	GlobalSection(ProjectConfigurationPlatforms) = postSolution
		{D0C149DB-2246-4E52-A4C9-A5AF91278CEE}.Debug|Any CPU.ActiveCfg = Debug|Any CPU
		{D0C149DB-2246-4E52-A4C9-A5AF91278CEE}.Debug|Any CPU.Build.0 = Debug|Any CPU
		{D0C149DB-2246-4E52-A4C9-A5AF91278CEE}.Release|Any CPU.ActiveCfg = Release|Any CPU
		{D0C149DB-2246-4E52-A4C9-A5AF91278CEE}.Release|Any CPU.Build.0 = Release|Any CPU
		{49D0580B-A9D4-42D1-BF50-5B845EACFA62}.Debug|Any CPU.ActiveCfg = Debug|Any CPU
		{49D0580B-A9D4-42D1-BF50-5B845EACFA62}.Debug|Any CPU.Build.0 = Debug|Any CPU
		{49D0580B-A9D4-42D1-BF50-5B845EACFA62}.Release|Any CPU.ActiveCfg = Release|Any CPU
		{49D0580B-A9D4-42D1-BF50-5B845EACFA62}.Release|Any CPU.Build.0 = Release|Any CPU
		{7C9D33DF-C319-4702-8EF4-CD9E0EDA4F15}.Debug|Any CPU.ActiveCfg = Debug|Any CPU
		{7C9D33DF-C319-4702-8EF4-CD9E0EDA4F15}.Debug|Any CPU.Build.0 = Debug|Any CPU
		{7C9D33DF-C319-4702-8EF4-CD9E0EDA4F15}.Release|Any CPU.ActiveCfg = Release|Any CPU
		{7C9D33DF-C319-4702-8EF4-CD9E0EDA4F15}.Release|Any CPU.Build.0 = Release|Any CPU
		{B384553D-B083-48FA-9D69-C621C2269AFD}.Debug|Any CPU.ActiveCfg = Debug|Any CPU
		{B384553D-B083-48FA-9D69-C621C2269AFD}.Debug|Any CPU.Build.0 = Debug|Any CPU
		{B384553D-B083-48FA-9D69-C621C2269AFD}.Release|Any CPU.ActiveCfg = Release|Any CPU
		{B384553D-B083-48FA-9D69-C621C2269AFD}.Release|Any CPU.Build.0 = Release|Any CPU
	EndGlobalSection
	GlobalSection(SolutionProperties) = preSolution
		HideSolutionNode = FALSE
	EndGlobalSection
	GlobalSection(NestedProjects) = preSolution
		{6F02434B-76F5-4B12-8DF9-C8F01FC4132E} = {BBA4CD40-14F7-4D41-B871-158DD9AD0126}
		{D0C149DB-2246-4E52-A4C9-A5AF91278CEE} = {6F02434B-76F5-4B12-8DF9-C8F01FC4132E}
		{49D0580B-A9D4-42D1-BF50-5B845EACFA62} = {6F02434B-76F5-4B12-8DF9-C8F01FC4132E}
		{8058F5B1-B0CB-4F04-8FAD-F1BE8B7589BF} = {BBA4CD40-14F7-4D41-B871-158DD9AD0126}
		{7C9D33DF-C319-4702-8EF4-CD9E0EDA4F15} = {8058F5B1-B0CB-4F04-8FAD-F1BE8B7589BF}
		{A6D1FC9B-28AE-4E68-9768-827FBDF2BB8E} = {BBA4CD40-14F7-4D41-B871-158DD9AD0126}
		{B384553D-B083-48FA-9D69-C621C2269AFD} = {A6D1FC9B-28AE-4E68-9768-827FBDF2BB8E}
	EndGlobalSection
	GlobalSection(ExtensibilityGlobals) = postSolution
		SolutionGuid = {62E7EA2F-E6BB-43C5-B8E2-682D9AC2FF8F}
	EndGlobalSection
EndGlobal
